# auto-generated by grc.converter

id: bruninga_direwolf_agc
label: Direwolf AGC
category: '[bruninga]'

parameters:
-   id: attack
    label: Attack
    dtype: float
    default: attack
-   id: decay
    label: Decay
    dtype: float
    default: attack

inputs:
-   domain: stream
    dtype: float

outputs:
-   domain: stream
    dtype: float
-   label: peak
    domain: stream
    dtype: float
    optional: true
-   label: valley
    domain: stream
    dtype: float
    optional: true

templates:
    imports: import gnuradio.bruninga as bruninga
    make: bruninga.direwolf_agc(${attack}, ${decay})

file_format: 1
