# auto-generated by grc.converter

id: bruninga_fsk_demod
label: FSK Demodulator
category: '[bruninga]'
flags: [ python ]

parameters:
-   id: samp_rate
    label: Sample Rate
    dtype: float
    default: samp_rate

inputs:
-   domain: stream
    dtype: float

outputs:
-   domain: stream
    dtype: byte

templates:
    imports: import gnuradio.bruninga as bruninga
    make: bruninga.fsk_demod(${samp_rate})

file_format: 1
